
Microsoft Visual Studio Solution File, Format Version 12.00
# Visual Studio Version 17
VisualStudioVersion = 17.7.34031.279
MinimumVisualStudioVersion = 10.0.40219.1
Project("{FAE04EC0-301F-11D3-BF4B-00C04F79EFBC}") = "ProjetoHotel", "ProjetoHotel.csproj", "{08C915B9-84DA-44CD-80B4-1E47987EAD25}"
EndProject
Global
	GlobalSection(SolutionConfigurationPlatforms) = preSolution
		Debug|Any CPU = Debug|Any CPU
		Release|Any CPU = Release|Any CPU
	EndGlobalSection
	GlobalSection(ProjectConfigurationPlatforms) = postSolution
		{08C915B9-84DA-44CD-80B4-1E47987EAD25}.Debug|Any CPU.ActiveCfg = Debug|Any CPU
		{08C915B9-84DA-44CD-80B4-1E47987EAD25}.Debug|Any CPU.Build.0 = Debug|Any CPU
		{08C915B9-84DA-44CD-80B4-1E47987EAD25}.Release|Any CPU.ActiveCfg = Release|Any CPU
		{08C915B9-84DA-44CD-80B4-1E47987EAD25}.Release|Any CPU.Build.0 = Release|Any CPU
	EndGlobalSection
	GlobalSection(SolutionProperties) = preSolution
		HideSolutionNode = FALSE
	EndGlobalSection
	GlobalSection(ExtensibilityGlobals) = postSolution
		SolutionGuid = {F4C65F02-5DB5-49D2-8876-CC5E6C800D50}
	EndGlobalSection
EndGlobal
